
Microsoft Visual Studio Solution File, Format Version 12.00
# Visual Studio 15
VisualStudioVersion = 15.0.28307.489
MinimumVisualStudioVersion = 10.0.40219.1
Project("{9A19103F-16F7-4668-BE54-9A1E7A4F7556}") = "JDAU_DashboardApp", "JDAU_DashboardApp.csproj", "{42CD3F51-6C9C-460F-B986-DEB4600C63EA}"
EndProject
Global
	GlobalSection(SolutionConfigurationPlatforms) = preSolution
		Debug|Any CPU = Debug|Any CPU
		Release|Any CPU = Release|Any CPU
	EndGlobalSection
	GlobalSection(ProjectConfigurationPlatforms) = postSolution
		{42CD3F51-6C9C-460F-B986-DEB4600C63EA}.Debug|Any CPU.ActiveCfg = Debug|Any CPU
		{42CD3F51-6C9C-460F-B986-DEB4600C63EA}.Debug|Any CPU.Build.0 = Debug|Any CPU
		{42CD3F51-6C9C-460F-B986-DEB4600C63EA}.Release|Any CPU.ActiveCfg = Release|Any CPU
		{42CD3F51-6C9C-460F-B986-DEB4600C63EA}.Release|Any CPU.Build.0 = Release|Any CPU
	EndGlobalSection
	GlobalSection(SolutionProperties) = preSolution
		HideSolutionNode = FALSE
	EndGlobalSection
	GlobalSection(ExtensibilityGlobals) = postSolution
		SolutionGuid = {7DF78E92-C0FF-4062-894C-040FBCAF8B27}
	EndGlobalSection
EndGlobal
